
Microsoft Visual Studio Solution File, Format Version 12.00
# Visual Studio Version 17
VisualStudioVersion = 17.14.37012.4
MinimumVisualStudioVersion = 10.0.40219.1
Project("{FAE04EC0-301F-11D3-BF4B-00C04F79EFBC}") = "测试项目", "测试项目\测试项目.csproj", "{D1FB3AF7-4B21-4EE6-9E64-CDC4448A225B}"
EndProject
Project("{FAE04EC0-301F-11D3-BF4B-00C04F79EFBC}") = "Lesson1_练习题", "Lesson1_练习题\Lesson1_练习题.csproj", "{5CC1724A-5896-44D6-A761-611FA8DAC563}"
EndProject
Project("{FAE04EC0-301F-11D3-BF4B-00C04F79EFBC}") = "Lesson2_变量", "Lesson2_变量\Lesson2_变量.csproj", "{0CDD9507-1AC8-475C-8FCA-0D41D6BFE844}"
EndProject
Project("{FAE04EC0-301F-11D3-BF4B-00C04F79EFBC}") = "Lesson2_练习题", "Lesson2_练习题\Lesson2_练习题.csproj", "{6EF72FFF-12AA-4756-A372-D465BC0D8141}"
EndProject
Project("{FAE04EC0-301F-11D3-BF4B-00C04F79EFBC}") = "Lesson3_变量本质", "Lesson3_变量本质\Lesson3_变量本质.csproj", "{300FAED7-9C4B-418B-8D56-F246854D4860}"
EndProject
Project("{FAE04EC0-301F-11D3-BF4B-00C04F79EFBC}") = "Lesson4_变量的命名规则", "Lesson4_变量的命名规则\Lesson4_变量的命名规则.csproj", "{3BC6103C-28C4-46B2-96E8-AF0CFFAAF7BF}"
EndProject
Project("{FAE04EC0-301F-11D3-BF4B-00C04F79EFBC}") = "Lesson4_练习题", "Lesson4_练习题\Lesson4_练习题.csproj", "{0894AA41-0EAD-4EF6-BC9A-A8D730AEE4B6}"
EndProject
Project("{FAE04EC0-301F-11D3-BF4B-00C04F79EFBC}") = "Lesson5_常量", "Lesson5_常量\Lesson5_常量.csproj", "{88FCF581-F627-42B6-A5AA-4BDDC8F63620}"
EndProject
Project("{FAE04EC0-301F-11D3-BF4B-00C04F79EFBC}") = "Lesson5_练习题", "Lesson5_练习题\Lesson5_练习题.csproj", "{FBA3E74F-A1C0-4195-BDBF-AFA4FEDD5737}"
EndProject
Project("{FAE04EC0-301F-11D3-BF4B-00C04F79EFBC}") = "Lesson6_转义字符", "Lesson6_转义字符\Lesson6_转义字符.csproj", "{C8841D68-61D4-4026-A4E0-C5DFA6EE405F}"
EndProject
Project("{FAE04EC0-301F-11D3-BF4B-00C04F79EFBC}") = "Lesson6_练习题", "Lesson6_练习题\Lesson6_练习题.csproj", "{31EAB64A-4F1F-4CE3-944D-4554948CFEF0}"
EndProject
Project("{FAE04EC0-301F-11D3-BF4B-00C04F79EFBC}") = "Lesson7_类型转换（隐式转换）", "Lesson7_类型转换（隐式转换）\Lesson7_类型转换（隐式转换）.csproj", "{261C4ED0-9069-4387-89E2-F22996AB3F0C}"
EndProject
Global
	GlobalSection(SolutionConfigurationPlatforms) = preSolution
		Debug|Any CPU = Debug|Any CPU
		Release|Any CPU = Release|Any CPU
	EndGlobalSection
	GlobalSection(ProjectConfigurationPlatforms) = postSolution
		{D1FB3AF7-4B21-4EE6-9E64-CDC4448A225B}.Debug|Any CPU.ActiveCfg = Debug|Any CPU
		{D1FB3AF7-4B21-4EE6-9E64-CDC4448A225B}.Debug|Any CPU.Build.0 = Debug|Any CPU
		{D1FB3AF7-4B21-4EE6-9E64-CDC4448A225B}.Release|Any CPU.ActiveCfg = Release|Any CPU
		{D1FB3AF7-4B21-4EE6-9E64-CDC4448A225B}.Release|Any CPU.Build.0 = Release|Any CPU
		{5CC1724A-5896-44D6-A761-611FA8DAC563}.Debug|Any CPU.ActiveCfg = Debug|Any CPU
		{5CC1724A-5896-44D6-A761-611FA8DAC563}.Debug|Any CPU.Build.0 = Debug|Any CPU
		{5CC1724A-5896-44D6-A761-611FA8DAC563}.Release|Any CPU.ActiveCfg = Release|Any CPU
		{5CC1724A-5896-44D6-A761-611FA8DAC563}.Release|Any CPU.Build.0 = Release|Any CPU
		{0CDD9507-1AC8-475C-8FCA-0D41D6BFE844}.Debug|Any CPU.ActiveCfg = Debug|Any CPU
		{0CDD9507-1AC8-475C-8FCA-0D41D6BFE844}.Debug|Any CPU.Build.0 = Debug|Any CPU
		{0CDD9507-1AC8-475C-8FCA-0D41D6BFE844}.Release|Any CPU.ActiveCfg = Release|Any CPU
		{0CDD9507-1AC8-475C-8FCA-0D41D6BFE844}.Release|Any CPU.Build.0 = Release|Any CPU
		{6EF72FFF-12AA-4756-A372-D465BC0D8141}.Debug|Any CPU.ActiveCfg = Debug|Any CPU
		{6EF72FFF-12AA-4756-A372-D465BC0D8141}.Debug|Any CPU.Build.0 = Debug|Any CPU
		{6EF72FFF-12AA-4756-A372-D465BC0D8141}.Release|Any CPU.ActiveCfg = Release|Any CPU
		{6EF72FFF-12AA-4756-A372-D465BC0D8141}.Release|Any CPU.Build.0 = Release|Any CPU
		{300FAED7-9C4B-418B-8D56-F246854D4860}.Debug|Any CPU.ActiveCfg = Debug|Any CPU
		{300FAED7-9C4B-418B-8D56-F246854D4860}.Debug|Any CPU.Build.0 = Debug|Any CPU
		{300FAED7-9C4B-418B-8D56-F246854D4860}.Release|Any CPU.ActiveCfg = Release|Any CPU
		{300FAED7-9C4B-418B-8D56-F246854D4860}.Release|Any CPU.Build.0 = Release|Any CPU
		{3BC6103C-28C4-46B2-96E8-AF0CFFAAF7BF}.Debug|Any CPU.ActiveCfg = Debug|Any CPU
		{3BC6103C-28C4-46B2-96E8-AF0CFFAAF7BF}.Debug|Any CPU.Build.0 = Debug|Any CPU
		{3BC6103C-28C4-46B2-96E8-AF0CFFAAF7BF}.Release|Any CPU.ActiveCfg = Release|Any CPU
		{3BC6103C-28C4-46B2-96E8-AF0CFFAAF7BF}.Release|Any CPU.Build.0 = Release|Any CPU
		{0894AA41-0EAD-4EF6-BC9A-A8D730AEE4B6}.Debug|Any CPU.ActiveCfg = Debug|Any CPU
		{0894AA41-0EAD-4EF6-BC9A-A8D730AEE4B6}.Debug|Any CPU.Build.0 = Debug|Any CPU
		{0894AA41-0EAD-4EF6-BC9A-A8D730AEE4B6}.Release|Any CPU.ActiveCfg = Release|Any CPU
		{0894AA41-0EAD-4EF6-BC9A-A8D730AEE4B6}.Release|Any CPU.Build.0 = Release|Any CPU
		{88FCF581-F627-42B6-A5AA-4BDDC8F63620}.Debug|Any CPU.ActiveCfg = Debug|Any CPU
		{88FCF581-F627-42B6-A5AA-4BDDC8F63620}.Debug|Any CPU.Build.0 = Debug|Any CPU
		{88FCF581-F627-42B6-A5AA-4BDDC8F63620}.Release|Any CPU.ActiveCfg = Release|Any CPU
		{88FCF581-F627-42B6-A5AA-4BDDC8F63620}.Release|Any CPU.Build.0 = Release|Any CPU
		{FBA3E74F-A1C0-4195-BDBF-AFA4FEDD5737}.Debug|Any CPU.ActiveCfg = Debug|Any CPU
		{FBA3E74F-A1C0-4195-BDBF-AFA4FEDD5737}.Debug|Any CPU.Build.0 = Debug|Any CPU
		{FBA3E74F-A1C0-4195-BDBF-AFA4FEDD5737}.Release|Any CPU.ActiveCfg = Release|Any CPU
		{FBA3E74F-A1C0-4195-BDBF-AFA4FEDD5737}.Release|Any CPU.Build.0 = Release|Any CPU
		{C8841D68-61D4-4026-A4E0-C5DFA6EE405F}.Debug|Any CPU.ActiveCfg = Debug|Any CPU
		{C8841D68-61D4-4026-A4E0-C5DFA6EE405F}.Debug|Any CPU.Build.0 = Debug|Any CPU
		{C8841D68-61D4-4026-A4E0-C5DFA6EE405F}.Release|Any CPU.ActiveCfg = Release|Any CPU
		{C8841D68-61D4-4026-A4E0-C5DFA6EE405F}.Release|Any CPU.Build.0 = Release|Any CPU
		{31EAB64A-4F1F-4CE3-944D-4554948CFEF0}.Debug|Any CPU.ActiveCfg = Debug|Any CPU
		{31EAB64A-4F1F-4CE3-944D-4554948CFEF0}.Debug|Any CPU.Build.0 = Debug|Any CPU
		{31EAB64A-4F1F-4CE3-944D-4554948CFEF0}.Release|Any CPU.ActiveCfg = Release|Any CPU
		{31EAB64A-4F1F-4CE3-944D-4554948CFEF0}.Release|Any CPU.Build.0 = Release|Any CPU
		{261C4ED0-9069-4387-89E2-F22996AB3F0C}.Debug|Any CPU.ActiveCfg = Debug|Any CPU
		{261C4ED0-9069-4387-89E2-F22996AB3F0C}.Debug|Any CPU.Build.0 = Debug|Any CPU
		{261C4ED0-9069-4387-89E2-F22996AB3F0C}.Release|Any CPU.ActiveCfg = Release|Any CPU
		{261C4ED0-9069-4387-89E2-F22996AB3F0C}.Release|Any CPU.Build.0 = Release|Any CPU
	EndGlobalSection
	GlobalSection(SolutionProperties) = preSolution
		HideSolutionNode = FALSE
	EndGlobalSection
	GlobalSection(ExtensibilityGlobals) = postSolution
		SolutionGuid = {2B776148-8C50-4917-9B10-214DC585E24E}
	EndGlobalSection
EndGlobal
